
Microsoft Visual Studio Solution File, Format Version 12.00
# Visual Studio 15
Project("{FAE04EC0-301F-11D3-BF4B-00C04F79EFBC}") = "AstarPathfindingProject", "AstarPathfindingProject.csproj", "{B54698E1-D9DF-354B-702D-50BE9FC22DD1}"
EndProject
Project("{FAE04EC0-301F-11D3-BF4B-00C04F79EFBC}") = "AstarPathfindingProjectEditor", "AstarPathfindingProjectEditor.csproj", "{F45A12CB-F00E-653E-AF1C-7EFCB054C95E}"
EndProject
Project("{FAE04EC0-301F-11D3-BF4B-00C04F79EFBC}") = "PackageToolsEditor", "PackageToolsEditor.csproj", "{AF850A09-229D-FE41-A750-597E63285861}"
EndProject
Project("{FAE04EC0-301F-11D3-BF4B-00C04F79EFBC}") = "Assembly-CSharp", "Assembly-CSharp.csproj", "{EDA8622F-B9B2-B45F-DF6A-B72947CDDEA0}"
EndProject
Global
	GlobalSection(SolutionConfigurationPlatforms) = preSolution
		Debug|Any CPU = Debug|Any CPU
		Release|Any CPU = Release|Any CPU
	EndGlobalSection
	GlobalSection(ProjectConfigurationPlatforms) = postSolution
		{B54698E1-D9DF-354B-702D-50BE9FC22DD1}.Debug|Any CPU.ActiveCfg = Debug|Any CPU
		{B54698E1-D9DF-354B-702D-50BE9FC22DD1}.Debug|Any CPU.Build.0 = Debug|Any CPU
		{B54698E1-D9DF-354B-702D-50BE9FC22DD1}.Release|Any CPU.ActiveCfg = Release|Any CPU
		{B54698E1-D9DF-354B-702D-50BE9FC22DD1}.Release|Any CPU.Build.0 = Release|Any CPU
		{F45A12CB-F00E-653E-AF1C-7EFCB054C95E}.Debug|Any CPU.ActiveCfg = Debug|Any CPU
		{F45A12CB-F00E-653E-AF1C-7EFCB054C95E}.Debug|Any CPU.Build.0 = Debug|Any CPU
		{F45A12CB-F00E-653E-AF1C-7EFCB054C95E}.Release|Any CPU.ActiveCfg = Release|Any CPU
		{F45A12CB-F00E-653E-AF1C-7EFCB054C95E}.Release|Any CPU.Build.0 = Release|Any CPU
		{AF850A09-229D-FE41-A750-597E63285861}.Debug|Any CPU.ActiveCfg = Debug|Any CPU
		{AF850A09-229D-FE41-A750-597E63285861}.Debug|Any CPU.Build.0 = Debug|Any CPU
		{AF850A09-229D-FE41-A750-597E63285861}.Release|Any CPU.ActiveCfg = Release|Any CPU
		{AF850A09-229D-FE41-A750-597E63285861}.Release|Any CPU.Build.0 = Release|Any CPU
		{EDA8622F-B9B2-B45F-DF6A-B72947CDDEA0}.Debug|Any CPU.ActiveCfg = Debug|Any CPU
		{EDA8622F-B9B2-B45F-DF6A-B72947CDDEA0}.Debug|Any CPU.Build.0 = Debug|Any CPU
		{EDA8622F-B9B2-B45F-DF6A-B72947CDDEA0}.Release|Any CPU.ActiveCfg = Release|Any CPU
		{EDA8622F-B9B2-B45F-DF6A-B72947CDDEA0}.Release|Any CPU.Build.0 = Release|Any CPU
	EndGlobalSection
	GlobalSection(SolutionProperties) = preSolution
		HideSolutionNode = FALSE
	EndGlobalSection
EndGlobal
